{
  "name": "advent15",
  "version": "1.0.0",
  "lockfileVersion": 2,
  "requires": true,
  "packages": {
    "": {
      "name": "advent15",
      "version": "1.0.0",
      "license": "ISC",
      "dependencies": {
        "fast-list": "^1.0.3"
      }
    },
    "node_modules/fast-list": {
      "version": "1.0.3",
      "resolved": "https://registry.npmjs.org/fast-list/-/fast-list-1.0.3.tgz",
      "integrity": "sha1-9dV1Snwcv2gqFZYe+aBjiXVx6qE="
    }
  },
  "dependencies": {
    "fast-list": {
      "version": "1.0.3",
      "resolved": "https://registry.npmjs.org/fast-list/-/fast-list-1.0.3.tgz",
      "integrity": "sha1-9dV1Snwcv2gqFZYe+aBjiXVx6qE="
    }
  }
}
